{
  "name": "wb-ui",
  "version": "1.0.0",
  "lockfileVersion": 1,
  "requires": true,
  "dependencies": {
    "vue-i18n": {
      "version": "8.14.1",
      "resolved": "https://registry.npm.taobao.org/vue-i18n/download/vue-i18n-8.14.1.tgz",
      "integrity": "sha1-DKCidCwU4BREgWVRV//8x8wxPlA="
    }
  }
}
